
Microsoft Visual Studio Solution File, Format Version 12.00
# Visual Studio Version 17
VisualStudioVersion = 17.5.33530.505
MinimumVisualStudioVersion = 10.0.40219.1
Project("{FAE04EC0-301F-11D3-BF4B-00C04F79EFBC}") = "CRUDExample", "CRUDExample\CRUDExample.csproj", "{6E6326C2-D2C4-4AF5-AD6B-EFCAA09E57F9}"
EndProject
Project("{FAE04EC0-301F-11D3-BF4B-00C04F79EFBC}") = "CRUDTests", "CRUDTests\CRUDTests.csproj", "{15E691AF-F75C-4CBB-B3F6-B5F9190C7C27}"
EndProject
Project("{FAE04EC0-301F-11D3-BF4B-00C04F79EFBC}") = "Enttities", "Enttities\Enttities.csproj", "{4C38274E-E5D9-41FF-A9E4-EB1C6CEC3D4A}"
EndProject
Project("{FAE04EC0-301F-11D3-BF4B-00C04F79EFBC}") = "ServiceContracts", "ServiceContracts\ServiceContracts.csproj", "{91713441-E3DD-401D-8366-4E0A55177342}"
EndProject
Project("{FAE04EC0-301F-11D3-BF4B-00C04F79EFBC}") = "Services", "Services\Services.csproj", "{674D24C9-2F88-4E3E-928F-899A3A6AEAC2}"
EndProject
Global
	GlobalSection(SolutionConfigurationPlatforms) = preSolution
		Debug|Any CPU = Debug|Any CPU
		Release|Any CPU = Release|Any CPU
	EndGlobalSection
	GlobalSection(ProjectConfigurationPlatforms) = postSolution
		{6E6326C2-D2C4-4AF5-AD6B-EFCAA09E57F9}.Debug|Any CPU.ActiveCfg = Debug|Any CPU
		{6E6326C2-D2C4-4AF5-AD6B-EFCAA09E57F9}.Debug|Any CPU.Build.0 = Debug|Any CPU
		{6E6326C2-D2C4-4AF5-AD6B-EFCAA09E57F9}.Release|Any CPU.ActiveCfg = Release|Any CPU
		{6E6326C2-D2C4-4AF5-AD6B-EFCAA09E57F9}.Release|Any CPU.Build.0 = Release|Any CPU
		{15E691AF-F75C-4CBB-B3F6-B5F9190C7C27}.Debug|Any CPU.ActiveCfg = Debug|Any CPU
		{15E691AF-F75C-4CBB-B3F6-B5F9190C7C27}.Debug|Any CPU.Build.0 = Debug|Any CPU
		{15E691AF-F75C-4CBB-B3F6-B5F9190C7C27}.Release|Any CPU.ActiveCfg = Release|Any CPU
		{15E691AF-F75C-4CBB-B3F6-B5F9190C7C27}.Release|Any CPU.Build.0 = Release|Any CPU
		{4C38274E-E5D9-41FF-A9E4-EB1C6CEC3D4A}.Debug|Any CPU.ActiveCfg = Debug|Any CPU
		{4C38274E-E5D9-41FF-A9E4-EB1C6CEC3D4A}.Debug|Any CPU.Build.0 = Debug|Any CPU
		{4C38274E-E5D9-41FF-A9E4-EB1C6CEC3D4A}.Release|Any CPU.ActiveCfg = Release|Any CPU
		{4C38274E-E5D9-41FF-A9E4-EB1C6CEC3D4A}.Release|Any CPU.Build.0 = Release|Any CPU
		{91713441-E3DD-401D-8366-4E0A55177342}.Debug|Any CPU.ActiveCfg = Debug|Any CPU
		{91713441-E3DD-401D-8366-4E0A55177342}.Debug|Any CPU.Build.0 = Debug|Any CPU
		{91713441-E3DD-401D-8366-4E0A55177342}.Release|Any CPU.ActiveCfg = Release|Any CPU
		{91713441-E3DD-401D-8366-4E0A55177342}.Release|Any CPU.Build.0 = Release|Any CPU
		{674D24C9-2F88-4E3E-928F-899A3A6AEAC2}.Debug|Any CPU.ActiveCfg = Debug|Any CPU
		{674D24C9-2F88-4E3E-928F-899A3A6AEAC2}.Debug|Any CPU.Build.0 = Debug|Any CPU
		{674D24C9-2F88-4E3E-928F-899A3A6AEAC2}.Release|Any CPU.ActiveCfg = Release|Any CPU
		{674D24C9-2F88-4E3E-928F-899A3A6AEAC2}.Release|Any CPU.Build.0 = Release|Any CPU
	EndGlobalSection
	GlobalSection(SolutionProperties) = preSolution
		HideSolutionNode = FALSE
	EndGlobalSection
	GlobalSection(ExtensibilityGlobals) = postSolution
		SolutionGuid = {C9CFB5A7-68E0-43A4-B09B-09810CE243EF}
	EndGlobalSection
EndGlobal
